PODS:
  - Kingfisher (5.9.0):
    - Kingfisher/Core (= 5.9.0)
  - Kingfisher/Core (5.9.0)

DEPENDENCIES:
  - Kingfisher (~> 5.0)

SPEC REPOS:
  https://github.com/cocoapods/specs.git:
    - Kingfisher

SPEC CHECKSUMS:
  Kingfisher: ff98240aebb7302bdc4f1ecd701761030ce18b16

PODFILE CHECKSUM: bde4b333da9b2343dc30e95a8203a18ee89e33f2

COCOAPODS: 1.5.3
